
Microsoft Visual Studio Solution File, Format Version 12.00
# Visual Studio Version 17
VisualStudioVersion = 17.7.34031.279
MinimumVisualStudioVersion = 10.0.40219.1
Project("{FAE04EC0-301F-11D3-BF4B-00C04F79EFBC}") = "Calculadora_AZB1.Android", "Calculadora_AZB1\Calculadora_AZB1.Android\Calculadora_AZB1.Android.csproj", "{F836800F-369F-429F-A649-AA4A98079638}"
EndProject
Project("{FAE04EC0-301F-11D3-BF4B-00C04F79EFBC}") = "Calculadora_AZB1.iOS", "Calculadora_AZB1\Calculadora_AZB1.iOS\Calculadora_AZB1.iOS.csproj", "{5C56D515-1E3E-411F-B41B-37089A7EC436}"
EndProject
Project("{FAE04EC0-301F-11D3-BF4B-00C04F79EFBC}") = "Calculadora_AZB1", "Calculadora_AZB1\Calculadora_AZB1\Calculadora_AZB1.csproj", "{EAD5A0B9-D768-44A6-8404-CF80BBB918A3}"
EndProject
Global
	GlobalSection(SolutionConfigurationPlatforms) = preSolution
		Debug|Any CPU = Debug|Any CPU
		Debug|iPhone = Debug|iPhone
		Debug|iPhoneSimulator = Debug|iPhoneSimulator
		Release|Any CPU = Release|Any CPU
		Release|iPhone = Release|iPhone
		Release|iPhoneSimulator = Release|iPhoneSimulator
	EndGlobalSection
	GlobalSection(ProjectConfigurationPlatforms) = postSolution
		{F836800F-369F-429F-A649-AA4A98079638}.Debug|Any CPU.ActiveCfg = Debug|Any CPU
		{F836800F-369F-429F-A649-AA4A98079638}.Debug|Any CPU.Build.0 = Debug|Any CPU
		{F836800F-369F-429F-A649-AA4A98079638}.Debug|Any CPU.Deploy.0 = Debug|Any CPU
		{F836800F-369F-429F-A649-AA4A98079638}.Debug|iPhone.ActiveCfg = Debug|Any CPU
		{F836800F-369F-429F-A649-AA4A98079638}.Debug|iPhone.Build.0 = Debug|Any CPU
		{F836800F-369F-429F-A649-AA4A98079638}.Debug|iPhone.Deploy.0 = Debug|Any CPU
		{F836800F-369F-429F-A649-AA4A98079638}.Debug|iPhoneSimulator.ActiveCfg = Debug|Any CPU
		{F836800F-369F-429F-A649-AA4A98079638}.Debug|iPhoneSimulator.Build.0 = Debug|Any CPU
		{F836800F-369F-429F-A649-AA4A98079638}.Debug|iPhoneSimulator.Deploy.0 = Debug|Any CPU
		{F836800F-369F-429F-A649-AA4A98079638}.Release|Any CPU.ActiveCfg = Release|Any CPU
		{F836800F-369F-429F-A649-AA4A98079638}.Release|Any CPU.Build.0 = Release|Any CPU
		{F836800F-369F-429F-A649-AA4A98079638}.Release|Any CPU.Deploy.0 = Release|Any CPU
		{F836800F-369F-429F-A649-AA4A98079638}.Release|iPhone.ActiveCfg = Release|Any CPU
		{F836800F-369F-429F-A649-AA4A98079638}.Release|iPhone.Build.0 = Release|Any CPU
		{F836800F-369F-429F-A649-AA4A98079638}.Release|iPhone.Deploy.0 = Release|Any CPU
		{F836800F-369F-429F-A649-AA4A98079638}.Release|iPhoneSimulator.ActiveCfg = Release|Any CPU
		{F836800F-369F-429F-A649-AA4A98079638}.Release|iPhoneSimulator.Build.0 = Release|Any CPU
		{F836800F-369F-429F-A649-AA4A98079638}.Release|iPhoneSimulator.Deploy.0 = Release|Any CPU
		{5C56D515-1E3E-411F-B41B-37089A7EC436}.Debug|Any CPU.ActiveCfg = Debug|iPhone
		{5C56D515-1E3E-411F-B41B-37089A7EC436}.Debug|Any CPU.Build.0 = Debug|iPhone
		{5C56D515-1E3E-411F-B41B-37089A7EC436}.Debug|Any CPU.Deploy.0 = Debug|iPhone
		{5C56D515-1E3E-411F-B41B-37089A7EC436}.Debug|iPhone.ActiveCfg = Debug|iPhone
		{5C56D515-1E3E-411F-B41B-37089A7EC436}.Debug|iPhone.Build.0 = Debug|iPhone
		{5C56D515-1E3E-411F-B41B-37089A7EC436}.Debug|iPhone.Deploy.0 = Debug|iPhone
		{5C56D515-1E3E-411F-B41B-37089A7EC436}.Debug|iPhoneSimulator.ActiveCfg = Debug|iPhoneSimulator
		{5C56D515-1E3E-411F-B41B-37089A7EC436}.Debug|iPhoneSimulator.Build.0 = Debug|iPhoneSimulator
		{5C56D515-1E3E-411F-B41B-37089A7EC436}.Debug|iPhoneSimulator.Deploy.0 = Debug|iPhoneSimulator
		{5C56D515-1E3E-411F-B41B-37089A7EC436}.Release|Any CPU.ActiveCfg = Release|iPhoneSimulator
		{5C56D515-1E3E-411F-B41B-37089A7EC436}.Release|Any CPU.Build.0 = Release|iPhoneSimulator
		{5C56D515-1E3E-411F-B41B-37089A7EC436}.Release|Any CPU.Deploy.0 = Release|iPhoneSimulator
		{5C56D515-1E3E-411F-B41B-37089A7EC436}.Release|iPhone.ActiveCfg = Release|iPhone
		{5C56D515-1E3E-411F-B41B-37089A7EC436}.Release|iPhone.Build.0 = Release|iPhone
		{5C56D515-1E3E-411F-B41B-37089A7EC436}.Release|iPhone.Deploy.0 = Release|iPhone
		{5C56D515-1E3E-411F-B41B-37089A7EC436}.Release|iPhoneSimulator.ActiveCfg = Release|iPhoneSimulator
		{5C56D515-1E3E-411F-B41B-37089A7EC436}.Release|iPhoneSimulator.Build.0 = Release|iPhoneSimulator
		{5C56D515-1E3E-411F-B41B-37089A7EC436}.Release|iPhoneSimulator.Deploy.0 = Release|iPhoneSimulator
		{EAD5A0B9-D768-44A6-8404-CF80BBB918A3}.Debug|Any CPU.ActiveCfg = Debug|Any CPU
		{EAD5A0B9-D768-44A6-8404-CF80BBB918A3}.Debug|Any CPU.Build.0 = Debug|Any CPU
		{EAD5A0B9-D768-44A6-8404-CF80BBB918A3}.Debug|Any CPU.Deploy.0 = Debug|Any CPU
		{EAD5A0B9-D768-44A6-8404-CF80BBB918A3}.Debug|iPhone.ActiveCfg = Debug|Any CPU
		{EAD5A0B9-D768-44A6-8404-CF80BBB918A3}.Debug|iPhone.Build.0 = Debug|Any CPU
		{EAD5A0B9-D768-44A6-8404-CF80BBB918A3}.Debug|iPhone.Deploy.0 = Debug|Any CPU
		{EAD5A0B9-D768-44A6-8404-CF80BBB918A3}.Debug|iPhoneSimulator.ActiveCfg = Debug|Any CPU
		{EAD5A0B9-D768-44A6-8404-CF80BBB918A3}.Debug|iPhoneSimulator.Build.0 = Debug|Any CPU
		{EAD5A0B9-D768-44A6-8404-CF80BBB918A3}.Debug|iPhoneSimulator.Deploy.0 = Debug|Any CPU
		{EAD5A0B9-D768-44A6-8404-CF80BBB918A3}.Release|Any CPU.ActiveCfg = Release|Any CPU
		{EAD5A0B9-D768-44A6-8404-CF80BBB918A3}.Release|Any CPU.Build.0 = Release|Any CPU
		{EAD5A0B9-D768-44A6-8404-CF80BBB918A3}.Release|Any CPU.Deploy.0 = Release|Any CPU
		{EAD5A0B9-D768-44A6-8404-CF80BBB918A3}.Release|iPhone.ActiveCfg = Release|Any CPU
		{EAD5A0B9-D768-44A6-8404-CF80BBB918A3}.Release|iPhone.Build.0 = Release|Any CPU
		{EAD5A0B9-D768-44A6-8404-CF80BBB918A3}.Release|iPhone.Deploy.0 = Release|Any CPU
		{EAD5A0B9-D768-44A6-8404-CF80BBB918A3}.Release|iPhoneSimulator.ActiveCfg = Release|Any CPU
		{EAD5A0B9-D768-44A6-8404-CF80BBB918A3}.Release|iPhoneSimulator.Build.0 = Release|Any CPU
		{EAD5A0B9-D768-44A6-8404-CF80BBB918A3}.Release|iPhoneSimulator.Deploy.0 = Release|Any CPU
	EndGlobalSection
	GlobalSection(SolutionProperties) = preSolution
		HideSolutionNode = FALSE
	EndGlobalSection
	GlobalSection(ExtensibilityGlobals) = postSolution
		SolutionGuid = {C312B770-7434-4D1C-962E-12B1E855124E}
	EndGlobalSection
EndGlobal
